
Microsoft Visual Studio Solution File, Format Version 12.00
# Visual Studio Version 17
VisualStudioVersion = 17.9.34728.123
MinimumVisualStudioVersion = 10.0.40219.1
Project("{FAE04EC0-301F-11D3-BF4B-00C04F79EFBC}") = "CRUD", "CRUD\CRUD.csproj", "{4C77C00C-D4BE-44BD-821E-F4FCDD4C5D21}"
EndProject
Global
	GlobalSection(SolutionConfigurationPlatforms) = preSolution
		Debug|Any CPU = Debug|Any CPU
		Release|Any CPU = Release|Any CPU
	EndGlobalSection
	GlobalSection(ProjectConfigurationPlatforms) = postSolution
		{4C77C00C-D4BE-44BD-821E-F4FCDD4C5D21}.Debug|Any CPU.ActiveCfg = Debug|Any CPU
		{4C77C00C-D4BE-44BD-821E-F4FCDD4C5D21}.Debug|Any CPU.Build.0 = Debug|Any CPU
		{4C77C00C-D4BE-44BD-821E-F4FCDD4C5D21}.Release|Any CPU.ActiveCfg = Release|Any CPU
		{4C77C00C-D4BE-44BD-821E-F4FCDD4C5D21}.Release|Any CPU.Build.0 = Release|Any CPU
	EndGlobalSection
	GlobalSection(SolutionProperties) = preSolution
		HideSolutionNode = FALSE
	EndGlobalSection
	GlobalSection(ExtensibilityGlobals) = postSolution
		SolutionGuid = {0E007496-7B4D-4B21-BCE9-87ED0F5A2C9A}
	EndGlobalSection
EndGlobal
